github.com/Eyevinn/hi264 v0.10.0 h1:4CgeRcBT8Y03BuHHr9u7ErMN5Iiw1mGbvKNU9s4QFPg=
github.com/Eyevinn/hi264 v0.10.0/go.mod h1:ag1j/wxUs7EvZu6qEZBRyLJ0bJW4OUjO8ip8c2TfLTQ=
github.com/Eyevinn/mp4ff v0.50.0 h1:vFlsvpQh5Jfz++cuaeTI90vbID5dAabebvvN/l9lom0=
github.com/Eyevinn/mp4ff v0.50.0/go.mod h1:hJNUUqOBryLAzUW9wpCJyw2HaI+TCd2rUPhafoS5lgg=
github.com/go-test/deep v1.1.0 h1:WOcxcdHcvdgThNXjw0t76K42FXTU7HpNQWHpA2HHNlg=
github.com/go-test/deep v1.1.0/go.mod h1:5C2ZWiW0ErCdrYzpqxLbTX7MG14M9iiw8DgHncVwcsE=
